
Microsoft Visual Studio Solution File, Format Version 12.00
# Visual Studio Version 16
VisualStudioVersion = 16.0.30114.105
MinimumVisualStudioVersion = 10.0.40219.1
Project("{2150E333-8FDC-42A3-9474-1A3956D46DE8}") = "src", "src", "{10CA9718-EC27-4C74-B0EF-257EC73641BF}"
EndProject
Project("{FAE04EC0-301F-11D3-BF4B-00C04F79EFBC}") = "DotNetCore.CAP.Plus", "src\DotNetCore.CAP.Plus\DotNetCore.CAP.Plus.csproj", "{92A8296B-0505-4470-B2DB-9F1BAC6D0B49}"
EndProject
Project("{FAE04EC0-301F-11D3-BF4B-00C04F79EFBC}") = "DotNetCore.CAP.MongoDB.Plus", "src\DotNetCore.CAP.MongoDB.Plus\DotNetCore.CAP.MongoDB.Plus.csproj", "{156D4014-275E-4CF0-B143-DDC07FCFFF94}"
EndProject
Global
	GlobalSection(SolutionConfigurationPlatforms) = preSolution
		Debug|Any CPU = Debug|Any CPU
		Debug|x64 = Debug|x64
		Debug|x86 = Debug|x86
		Release|Any CPU = Release|Any CPU
		Release|x64 = Release|x64
		Release|x86 = Release|x86
	EndGlobalSection
	GlobalSection(SolutionProperties) = preSolution
		HideSolutionNode = FALSE
	EndGlobalSection
	GlobalSection(ProjectConfigurationPlatforms) = postSolution
		{92A8296B-0505-4470-B2DB-9F1BAC6D0B49}.Debug|Any CPU.ActiveCfg = Debug|Any CPU
		{92A8296B-0505-4470-B2DB-9F1BAC6D0B49}.Debug|Any CPU.Build.0 = Debug|Any CPU
		{92A8296B-0505-4470-B2DB-9F1BAC6D0B49}.Debug|x64.ActiveCfg = Debug|Any CPU
		{92A8296B-0505-4470-B2DB-9F1BAC6D0B49}.Debug|x64.Build.0 = Debug|Any CPU
		{92A8296B-0505-4470-B2DB-9F1BAC6D0B49}.Debug|x86.ActiveCfg = Debug|Any CPU
		{92A8296B-0505-4470-B2DB-9F1BAC6D0B49}.Debug|x86.Build.0 = Debug|Any CPU
		{92A8296B-0505-4470-B2DB-9F1BAC6D0B49}.Release|Any CPU.ActiveCfg = Release|Any CPU
		{92A8296B-0505-4470-B2DB-9F1BAC6D0B49}.Release|Any CPU.Build.0 = Release|Any CPU
		{92A8296B-0505-4470-B2DB-9F1BAC6D0B49}.Release|x64.ActiveCfg = Release|Any CPU
		{92A8296B-0505-4470-B2DB-9F1BAC6D0B49}.Release|x64.Build.0 = Release|Any CPU
		{92A8296B-0505-4470-B2DB-9F1BAC6D0B49}.Release|x86.ActiveCfg = Release|Any CPU
		{92A8296B-0505-4470-B2DB-9F1BAC6D0B49}.Release|x86.Build.0 = Release|Any CPU
		{156D4014-275E-4CF0-B143-DDC07FCFFF94}.Debug|Any CPU.ActiveCfg = Debug|Any CPU
		{156D4014-275E-4CF0-B143-DDC07FCFFF94}.Debug|Any CPU.Build.0 = Debug|Any CPU
		{156D4014-275E-4CF0-B143-DDC07FCFFF94}.Debug|x64.ActiveCfg = Debug|Any CPU
		{156D4014-275E-4CF0-B143-DDC07FCFFF94}.Debug|x64.Build.0 = Debug|Any CPU
		{156D4014-275E-4CF0-B143-DDC07FCFFF94}.Debug|x86.ActiveCfg = Debug|Any CPU
		{156D4014-275E-4CF0-B143-DDC07FCFFF94}.Debug|x86.Build.0 = Debug|Any CPU
		{156D4014-275E-4CF0-B143-DDC07FCFFF94}.Release|Any CPU.ActiveCfg = Release|Any CPU
		{156D4014-275E-4CF0-B143-DDC07FCFFF94}.Release|Any CPU.Build.0 = Release|Any CPU
		{156D4014-275E-4CF0-B143-DDC07FCFFF94}.Release|x64.ActiveCfg = Release|Any CPU
		{156D4014-275E-4CF0-B143-DDC07FCFFF94}.Release|x64.Build.0 = Release|Any CPU
		{156D4014-275E-4CF0-B143-DDC07FCFFF94}.Release|x86.ActiveCfg = Release|Any CPU
		{156D4014-275E-4CF0-B143-DDC07FCFFF94}.Release|x86.Build.0 = Release|Any CPU
	EndGlobalSection
	GlobalSection(NestedProjects) = preSolution
		{92A8296B-0505-4470-B2DB-9F1BAC6D0B49} = {10CA9718-EC27-4C74-B0EF-257EC73641BF}
		{156D4014-275E-4CF0-B143-DDC07FCFFF94} = {10CA9718-EC27-4C74-B0EF-257EC73641BF}
	EndGlobalSection
EndGlobal
